
Microsoft Visual Studio Solution File, Format Version 12.00
# Visual Studio Version 16
VisualStudioVersion = 16.0.31005.135
MinimumVisualStudioVersion = 10.0.40219.1
Project("{FAE04EC0-301F-11D3-BF4B-00C04F79EFBC}") = "SpotisticalWebApi", "SpotisticalWebApi\SpotisticalWebApi.csproj", "{145F26FA-74A4-4BB6-970F-D4C0FAE6AF6E}"
EndProject
Global
	GlobalSection(SolutionConfigurationPlatforms) = preSolution
		Debug|Any CPU = Debug|Any CPU
		Release|Any CPU = Release|Any CPU
	EndGlobalSection
	GlobalSection(ProjectConfigurationPlatforms) = postSolution
		{145F26FA-74A4-4BB6-970F-D4C0FAE6AF6E}.Debug|Any CPU.ActiveCfg = Debug|Any CPU
		{145F26FA-74A4-4BB6-970F-D4C0FAE6AF6E}.Debug|Any CPU.Build.0 = Debug|Any CPU
		{145F26FA-74A4-4BB6-970F-D4C0FAE6AF6E}.Release|Any CPU.ActiveCfg = Release|Any CPU
		{145F26FA-74A4-4BB6-970F-D4C0FAE6AF6E}.Release|Any CPU.Build.0 = Release|Any CPU
	EndGlobalSection
	GlobalSection(SolutionProperties) = preSolution
		HideSolutionNode = FALSE
	EndGlobalSection
	GlobalSection(ExtensibilityGlobals) = postSolution
		SolutionGuid = {26793E5C-9A03-4D6C-B560-B467C9318675}
	EndGlobalSection
EndGlobal
